# THIS IS AN AUTOGENERATED FILE. DO NOT EDIT THIS FILE DIRECTLY.
# yarn lockfile v1


"@babel/runtime@^7.2.0":
  version "7.4.3"
  resolved "https://registry.npm.taobao.org/@babel/runtime/download/@babel/runtime-7.4.3.tgz#79888e452034223ad9609187a0ad1fe0d2ad4bdc"
  integrity sha1-eYiORSA0IjrZYJGHoK0f4NKtS9w=
  dependencies:
    regenerator-runtime "^0.13.2"

abs-svg-path@~0.1.1:
  version "0.1.1"
  resolved "https://registry.npm.taobao.org/abs-svg-path/download/abs-svg-path-0.1.1.tgz#df601c8e8d2ba10d4a76d625e236a9a39c2723bf"
  integrity sha1-32Acjo0roQ1KdtYl4japo5wnI78=

axios@^0.18.0:
  version "0.18.0"
  resolved "https://registry.npm.taobao.org/axios/download/axios-0.18.0.tgz?cache=0&other_urls=https%3A%2F%2Fregistry.npm.taobao.org%2Faxios%2Fdownload%2Faxios-0.18.0.tgz#32d53e4851efdc0a11993b6cd000789d70c05102"
  integrity sha1-MtU+SFHv3AoRmTts0AB4nXDAUQI=
  dependencies:
    follow-redirects "^1.3.0"
    is-buffer "^1.1.5"

babel-runtime@^6.26.0:
  version "6.26.0"
  resolved "https://registry.npm.taobao.org/babel-runtime/download/babel-runtime-6.26.0.tgz?cache=0&other_urls=https%3A%2F%2Fregistry.npm.taobao.org%2Fbabel-runtime%2Fdownload%2Fbabel-runtime-6.26.0.tgz#965c7058668e82b55d7bfe04ff2337bc8b5647fe"
  integrity sha1-llxwWGaOgrVde/4E/yM3vItWR/4=
  dependencies:
    core-js "^2.4.0"
    regenerator-runtime "^0.11.0"

base64-arraybuffer@^0.1.5:
  version "0.1.5"
  resolved "https://registry.npm.taobao.org/base64-arraybuffer/download/base64-arraybuffer-0.1.5.tgz#73926771923b5a19747ad666aa5cd4bf9c6e9ce8"
  integrity sha1-c5JncZI7Whl0etZmqlzUv5xunOg=

bezier-easing@^2.0.3:
  version "2.1.0"
  resolved "https://registry.npm.taobao.org/bezier-easing/download/bezier-easing-2.1.0.tgz#c04dfe8b926d6ecaca1813d69ff179b7c2025d86"
  integrity sha1-wE3+i5JtbsrKGBPWn/F5t8ICXYY=

boolbase@^1.0.0, boolbase@~1.0.0:
  version "1.0.0"
  resolved "https://registry.npm.taobao.org/boolbase/download/boolbase-1.0.0.tgz#68dff5fbe60c51eb37725ea9e3ed310dcc1e776e"
  integrity sha1-aN/1++YMUes3cl6p4+0xDcwed24=

color-name@^1.0.0:
  version "1.1.4"
  resolved "https://registry.npm.taobao.org/color-name/download/color-name-1.1.4.tgz#c2a09a87acbde69543de6f63fa3995c826c536a2"
  integrity sha1-wqCah6y95pVD3m9j+jmVyCbFNqI=

color-string@^1.5.3:
  version "1.5.3"
  resolved "https://registry.npm.taobao.org/color-string/download/color-string-1.5.3.tgz#c9bbc5f01b58b5492f3d6857459cb6590ce204cc"
  integrity sha1-ybvF8BtYtUkvPWhXRZy2WQziBMw=
  dependencies:
    color-name "^1.0.0"
    simple-swizzle "^0.2.2"

core-js@^2.4.0:
  version "2.6.5"
  resolved "https://registry.npm.taobao.org/core-js/download/core-js-2.6.5.tgz#44bc8d249e7fb2ff5d00e0341a7ffb94fbf67895"
  integrity sha1-RLyNJJ5/sv9dAOA0Gn/7lPv2eJU=

css-line-break@^1.0.1:
  version "1.0.1"
  resolved "https://registry.npm.taobao.org/css-line-break/download/css-line-break-1.0.1.tgz#19f2063a33e95fb2831b86446c0b80c188af450a"
  integrity sha1-GfIGOjPpX7KDG4ZEbAuAwYivRQo=
  dependencies:
    base64-arraybuffer "^0.1.5"

css-select@^2.0.2:
  version "2.0.2"
  resolved "https://registry.npm.taobao.org/css-select/download/css-select-2.0.2.tgz#ab4386cec9e1f668855564b17c3733b43b2a5ede"
  integrity sha1-q0OGzsnh9miFVWSxfDcztDsqXt4=
  dependencies:
    boolbase "^1.0.0"
    css-what "^2.1.2"
    domutils "^1.7.0"
    nth-check "^1.0.2"

css-what@^2.1.2:
  version "2.1.3"
  resolved "https://registry.npm.taobao.org/css-what/download/css-what-2.1.3.tgz#a6d7604573365fe74686c3f311c56513d88285f2"
  integrity sha1-ptdgRXM2X+dGhsPzEcVlE9iChfI=

debug@^3.2.6:
  version "3.2.6"
  resolved "https://registry.npm.taobao.org/debug/download/debug-3.2.6.tgz#e83d17de16d8a7efb7717edbe5fb10135eee629b"
  integrity sha1-6D0X3hbYp++3cX7b5fsQE17uYps=
  dependencies:
    ms "^2.1.1"

dom-serializer@0:
  version "0.1.1"
  resolved "https://registry.npm.taobao.org/dom-serializer/download/dom-serializer-0.1.1.tgz#1ec4059e284babed36eec2941d4a970a189ce7c0"
  integrity sha1-HsQFnihLq+027sKUHUqXChic58A=
  dependencies:
    domelementtype "^1.3.0"
    entities "^1.1.1"

domelementtype@1, domelementtype@^1.3.0:
  version "1.3.1"
  resolved "https://registry.npm.taobao.org/domelementtype/download/domelementtype-1.3.1.tgz#d048c44b37b0d10a7f2a3d5fee3f4333d790481f"
  integrity sha1-0EjESzew0Qp/Kj1f7j9DM9eQSB8=

domutils@^1.7.0:
  version "1.7.0"
  resolved "https://registry.npm.taobao.org/domutils/download/domutils-1.7.0.tgz#56ea341e834e06e6748af7a1cb25da67ea9f8c2a"
  integrity sha1-Vuo0HoNOBuZ0ivehyyXaZ+qfjCo=
  dependencies:
    dom-serializer "0"
    domelementtype "1"

entities@^1.1.1:
  version "1.1.2"
  resolved "https://registry.npm.taobao.org/entities/download/entities-1.1.2.tgz#bdfa735299664dfafd34529ed4f8522a275fea56"
  integrity sha1-vfpzUplmTfr9NFKe1PhSKidf6lY=

follow-redirects@^1.3.0:
  version "1.7.0"
  resolved "https://registry.npm.taobao.org/follow-redirects/download/follow-redirects-1.7.0.tgz#489ebc198dc0e7f64167bd23b03c4c19b5784c76"
  integrity sha1-SJ68GY3A5/ZBZ70jsDxMGbV4THY=
  dependencies:
    debug "^3.2.6"

is-arrayish@^0.3.1:
  version "0.3.2"
  resolved "https://registry.npm.taobao.org/is-arrayish/download/is-arrayish-0.3.2.tgz#4574a2ae56f7ab206896fb431eaeed066fdf8f03"
  integrity sha1-RXSirlb3qyBolvtDHq7tBm/fjwM=

is-buffer@^1.1.5:
  version "1.1.6"
  resolved "https://registry.npm.taobao.org/is-buffer/download/is-buffer-1.1.6.tgz#efaa2ea9daa0d7ab2ea13a97b2b8ad51fefbe8be"
  integrity sha1-76ouqdqg16suoTqXsritUf776L4=

isarray@~0.0.1:
  version "0.0.1"
  resolved "https://registry.npm.taobao.org/isarray/download/isarray-0.0.1.tgz#8a18acfca9a8f4177e09abfc6038939b05d1eedf"
  integrity sha1-ihis/Kmo9Bd+Cav8YDiTmwXR7t8=

jquery@^3.4.0:
  version "3.4.0"
  resolved "https://registry.npm.taobao.org/jquery/download/jquery-3.4.0.tgz?cache=0&other_urls=https%3A%2F%2Fregistry.npm.taobao.org%2Fjquery%2Fdownload%2Fjquery-3.4.0.tgz#8de513fa0fa4b2c7d2e48a530e26f0596936efdf"
  integrity sha1-jeUT+g+kssfS5IpTDibwWWk2798=

ms@^2.1.1:
  version "2.1.1"
  resolved "https://registry.npm.taobao.org/ms/download/ms-2.1.1.tgz#30a5864eb3ebb0a66f2ebe6d727af06a09d86e0a"
  integrity sha1-MKWGTrPrsKZvLr5tcnrwagnYbgo=

nth-check@^1.0.2:
  version "1.0.2"
  resolved "https://registry.npm.taobao.org/nth-check/download/nth-check-1.0.2.tgz#b2bd295c37e3dd58a3bf0700376663ba4d9cf05c"
  integrity sha1-sr0pXDfj3VijvwcAN2Zjuk2c8Fw=
  dependencies:
    boolbase "~1.0.0"

parse-svg-path@~0.1.1:
  version "0.1.2"
  resolved "https://registry.npm.taobao.org/parse-svg-path/download/parse-svg-path-0.1.2.tgz#7a7ec0d1eb06fa5325c7d3e009b859a09b5d49eb"
  integrity sha1-en7A0esG+lMlx9PgCbhZoJtdSes=

point-at-length@^1.1.0:
  version "1.1.0"
  resolved "https://registry.npm.taobao.org/point-at-length/download/point-at-length-1.1.0.tgz#0ad72ebd0980d7f5a1ab12296c055f9eb6b30e57"
  integrity sha1-CtcuvQmA1/WhqxIpbAVfnrazDlc=
  dependencies:
    abs-svg-path "~0.1.1"
    isarray "~0.0.1"
    parse-svg-path "~0.1.1"

regenerator-runtime@^0.11.0:
  version "0.11.1"
  resolved "https://registry.npm.taobao.org/regenerator-runtime/download/regenerator-runtime-0.11.1.tgz#be05ad7f9bf7d22e056f9726cee5017fbf19e2e9"
  integrity sha1-vgWtf5v30i4Fb5cmzuUBf78Z4uk=

regenerator-runtime@^0.13.2:
  version "0.13.2"
  resolved "https://registry.npm.taobao.org/regenerator-runtime/download/regenerator-runtime-0.13.2.tgz#32e59c9a6fb9b1a4aff09b4930ca2d4477343447"
  integrity sha1-MuWcmm+5saSv8JtJMMotRHc0NEc=

simple-swizzle@^0.2.2:
  version "0.2.2"
  resolved "https://registry.npm.taobao.org/simple-swizzle/download/simple-swizzle-0.2.2.tgz#a4da6b635ffcccca33f70d17cb92592de95e557a"
  integrity sha1-pNprY1/8zMoz9w0Xy5JZLeleVXo=
  dependencies:
    is-arrayish "^0.3.1"

sprite-animator@^1.11.4:
  version "1.11.4"
  resolved "https://registry.npm.taobao.org/sprite-animator/download/sprite-animator-1.11.4.tgz#7278b0ec91b4d3424a8eb796889918e8778cc7e4"
  integrity sha1-cniw7JG000JKjreWiJkY6HeMx+Q=
  dependencies:
    babel-runtime "^6.26.0"
    bezier-easing "^2.0.3"
    sprite-timeline "^1.10.2"

sprite-core@^2.29.9:
  version "2.29.9"
  resolved "https://registry.npm.taobao.org/sprite-core/download/sprite-core-2.29.9.tgz#003029c47eb97db719ce9d153ea10ff344610ab6"
  integrity sha1-ADApxH65fbcZzp0VPqEP80RhCrY=
  dependencies:
    "@babel/runtime" "^7.2.0"
    color-string "^1.5.3"
    css-line-break "^1.0.1"
    css-select "^2.0.2"
    sprite-animator "^1.11.4"
    sprite-flex-layout "^1.0.7"
    sprite-math "^1.0.5"
    svg-path-to-canvas "^1.11.3"

sprite-flex-layout@^1.0.7:
  version "1.0.7"
  resolved "https://registry.npm.taobao.org/sprite-flex-layout/download/sprite-flex-layout-1.0.7.tgz#8de6081a9891ca8f08841251cabf49358dcd8daf"
  integrity sha1-jeYIGpiRyo8IhBJRyr9JNY3Nja8=
  dependencies:
    babel-runtime "^6.26.0"

sprite-math@^1.0.5:
  version "1.0.5"
  resolved "https://registry.npm.taobao.org/sprite-math/download/sprite-math-1.0.5.tgz#03dcb8b61b0ba98c55134974487a10f4605339cd"
  integrity sha1-A9y4thsLqYxVE0l0SHoQ9GBTOc0=
  dependencies:
    babel-runtime "^6.26.0"

sprite-timeline@^1.10.2:
  version "1.10.2"
  resolved "https://registry.npm.taobao.org/sprite-timeline/download/sprite-timeline-1.10.2.tgz#20fb012b002623fe8ef5f3f16e5a5d1364c079d0"
  integrity sha1-IPsBKwAmI/6O9fPxblpdE2TAedA=
  dependencies:
    babel-runtime "^6.26.0"

spritejs@^2.27.13:
  version "2.27.13"
  resolved "https://registry.npm.taobao.org/spritejs/download/spritejs-2.27.13.tgz#927e8e23516ef1618b2fdfeb20e24924b2ae2352"
  integrity sha1-kn6OI1Fu8WGLL9/rIOJJJLKuI1I=
  dependencies:
    "@babel/runtime" "^7.2.0"
    axios "^0.18.0"
    sprite-core "^2.29.9"

svg-path-to-canvas@^1.11.3:
  version "1.11.3"
  resolved "https://registry.npm.taobao.org/svg-path-to-canvas/download/svg-path-to-canvas-1.11.3.tgz#5180bd177f8d1f66861f12747351fd28c7ffcc03"
  integrity sha1-UYC9F3+NH2aGHxJ0c1H9KMf/zAM=
  dependencies:
    babel-runtime "^6.26.0"
    point-at-length "^1.1.0"
    sprite-math "^1.0.5"

typescript@^3.4.5:
  version "3.4.5"
  resolved "https://registry.npm.taobao.org/typescript/download/typescript-3.4.5.tgz#2d2618d10bb566572b8d7aad5180d84257d70a99"
  integrity sha1-LSYY0Qu1ZlcrjXqtUYDYQlfXCpk=
